
Microsoft Visual Studio Solution File, Format Version 12.00
# Visual Studio Version 16
VisualStudioVersion = 16.0.30114.105
MinimumVisualStudioVersion = 10.0.40219.1
Project("{2150E333-8FDC-42A3-9474-1A3956D46DE8}") = "core", "core", "{C0F0B066-D524-4BCB-A695-9DF280A41772}"
EndProject
Project("{FAE04EC0-301F-11D3-BF4B-00C04F79EFBC}") = "netShop.Domain", "core\netShop.Domain\netShop.Domain.csproj", "{7D0FF2A4-2EEE-4F6B-9CBA-529ED78C8B37}"
EndProject
Project("{FAE04EC0-301F-11D3-BF4B-00C04F79EFBC}") = "netShop.Application", "core\netShop.Application\netShop.Application.csproj", "{84DB4EC6-06D4-453B-BE47-C3017BBF68F1}"
EndProject
Project("{2150E333-8FDC-42A3-9474-1A3956D46DE8}") = "infrastructure", "infrastructure", "{CF88D98F-FF19-4416-9C92-A7FD04EA0AB1}"
EndProject
Project("{FAE04EC0-301F-11D3-BF4B-00C04F79EFBC}") = "netShop.Persistence", "infrastructure\netShop.Persistence\netShop.Persistence.csproj", "{DD30F002-A805-4A1B-9729-BAFD3CA9FF7F}"
EndProject
Project("{2150E333-8FDC-42A3-9474-1A3956D46DE8}") = "webApi", "webApi", "{4B42A19C-DC43-4779-B9AD-2148612AA530}"
EndProject
Project("{FAE04EC0-301F-11D3-BF4B-00C04F79EFBC}") = "netShop.WebApi", "webApi\netShop.WebApi\netShop.WebApi.csproj", "{1808C887-94F9-40FD-9B19-073CD8E28DBA}"
EndProject
Global
	GlobalSection(SolutionConfigurationPlatforms) = preSolution
		Debug|Any CPU = Debug|Any CPU
		Debug|x64 = Debug|x64
		Debug|x86 = Debug|x86
		Release|Any CPU = Release|Any CPU
		Release|x64 = Release|x64
		Release|x86 = Release|x86
	EndGlobalSection
	GlobalSection(SolutionProperties) = preSolution
		HideSolutionNode = FALSE
	EndGlobalSection
	GlobalSection(ProjectConfigurationPlatforms) = postSolution
		{7D0FF2A4-2EEE-4F6B-9CBA-529ED78C8B37}.Debug|Any CPU.ActiveCfg = Debug|Any CPU
		{7D0FF2A4-2EEE-4F6B-9CBA-529ED78C8B37}.Debug|Any CPU.Build.0 = Debug|Any CPU
		{7D0FF2A4-2EEE-4F6B-9CBA-529ED78C8B37}.Debug|x64.ActiveCfg = Debug|Any CPU
		{7D0FF2A4-2EEE-4F6B-9CBA-529ED78C8B37}.Debug|x64.Build.0 = Debug|Any CPU
		{7D0FF2A4-2EEE-4F6B-9CBA-529ED78C8B37}.Debug|x86.ActiveCfg = Debug|Any CPU
		{7D0FF2A4-2EEE-4F6B-9CBA-529ED78C8B37}.Debug|x86.Build.0 = Debug|Any CPU
		{7D0FF2A4-2EEE-4F6B-9CBA-529ED78C8B37}.Release|Any CPU.ActiveCfg = Release|Any CPU
		{7D0FF2A4-2EEE-4F6B-9CBA-529ED78C8B37}.Release|Any CPU.Build.0 = Release|Any CPU
		{7D0FF2A4-2EEE-4F6B-9CBA-529ED78C8B37}.Release|x64.ActiveCfg = Release|Any CPU
		{7D0FF2A4-2EEE-4F6B-9CBA-529ED78C8B37}.Release|x64.Build.0 = Release|Any CPU
		{7D0FF2A4-2EEE-4F6B-9CBA-529ED78C8B37}.Release|x86.ActiveCfg = Release|Any CPU
		{7D0FF2A4-2EEE-4F6B-9CBA-529ED78C8B37}.Release|x86.Build.0 = Release|Any CPU
		{84DB4EC6-06D4-453B-BE47-C3017BBF68F1}.Debug|Any CPU.ActiveCfg = Debug|Any CPU
		{84DB4EC6-06D4-453B-BE47-C3017BBF68F1}.Debug|Any CPU.Build.0 = Debug|Any CPU
		{84DB4EC6-06D4-453B-BE47-C3017BBF68F1}.Debug|x64.ActiveCfg = Debug|Any CPU
		{84DB4EC6-06D4-453B-BE47-C3017BBF68F1}.Debug|x64.Build.0 = Debug|Any CPU
		{84DB4EC6-06D4-453B-BE47-C3017BBF68F1}.Debug|x86.ActiveCfg = Debug|Any CPU
		{84DB4EC6-06D4-453B-BE47-C3017BBF68F1}.Debug|x86.Build.0 = Debug|Any CPU
		{84DB4EC6-06D4-453B-BE47-C3017BBF68F1}.Release|Any CPU.ActiveCfg = Release|Any CPU
		{84DB4EC6-06D4-453B-BE47-C3017BBF68F1}.Release|Any CPU.Build.0 = Release|Any CPU
		{84DB4EC6-06D4-453B-BE47-C3017BBF68F1}.Release|x64.ActiveCfg = Release|Any CPU
		{84DB4EC6-06D4-453B-BE47-C3017BBF68F1}.Release|x64.Build.0 = Release|Any CPU
		{84DB4EC6-06D4-453B-BE47-C3017BBF68F1}.Release|x86.ActiveCfg = Release|Any CPU
		{84DB4EC6-06D4-453B-BE47-C3017BBF68F1}.Release|x86.Build.0 = Release|Any CPU
		{DD30F002-A805-4A1B-9729-BAFD3CA9FF7F}.Debug|Any CPU.ActiveCfg = Debug|Any CPU
		{DD30F002-A805-4A1B-9729-BAFD3CA9FF7F}.Debug|Any CPU.Build.0 = Debug|Any CPU
		{DD30F002-A805-4A1B-9729-BAFD3CA9FF7F}.Debug|x64.ActiveCfg = Debug|Any CPU
		{DD30F002-A805-4A1B-9729-BAFD3CA9FF7F}.Debug|x64.Build.0 = Debug|Any CPU
		{DD30F002-A805-4A1B-9729-BAFD3CA9FF7F}.Debug|x86.ActiveCfg = Debug|Any CPU
		{DD30F002-A805-4A1B-9729-BAFD3CA9FF7F}.Debug|x86.Build.0 = Debug|Any CPU
		{DD30F002-A805-4A1B-9729-BAFD3CA9FF7F}.Release|Any CPU.ActiveCfg = Release|Any CPU
		{DD30F002-A805-4A1B-9729-BAFD3CA9FF7F}.Release|Any CPU.Build.0 = Release|Any CPU
		{DD30F002-A805-4A1B-9729-BAFD3CA9FF7F}.Release|x64.ActiveCfg = Release|Any CPU
		{DD30F002-A805-4A1B-9729-BAFD3CA9FF7F}.Release|x64.Build.0 = Release|Any CPU
		{DD30F002-A805-4A1B-9729-BAFD3CA9FF7F}.Release|x86.ActiveCfg = Release|Any CPU
		{DD30F002-A805-4A1B-9729-BAFD3CA9FF7F}.Release|x86.Build.0 = Release|Any CPU
		{1808C887-94F9-40FD-9B19-073CD8E28DBA}.Debug|Any CPU.ActiveCfg = Debug|Any CPU
		{1808C887-94F9-40FD-9B19-073CD8E28DBA}.Debug|Any CPU.Build.0 = Debug|Any CPU
		{1808C887-94F9-40FD-9B19-073CD8E28DBA}.Debug|x64.ActiveCfg = Debug|Any CPU
		{1808C887-94F9-40FD-9B19-073CD8E28DBA}.Debug|x64.Build.0 = Debug|Any CPU
		{1808C887-94F9-40FD-9B19-073CD8E28DBA}.Debug|x86.ActiveCfg = Debug|Any CPU
		{1808C887-94F9-40FD-9B19-073CD8E28DBA}.Debug|x86.Build.0 = Debug|Any CPU
		{1808C887-94F9-40FD-9B19-073CD8E28DBA}.Release|Any CPU.ActiveCfg = Release|Any CPU
		{1808C887-94F9-40FD-9B19-073CD8E28DBA}.Release|Any CPU.Build.0 = Release|Any CPU
		{1808C887-94F9-40FD-9B19-073CD8E28DBA}.Release|x64.ActiveCfg = Release|Any CPU
		{1808C887-94F9-40FD-9B19-073CD8E28DBA}.Release|x64.Build.0 = Release|Any CPU
		{1808C887-94F9-40FD-9B19-073CD8E28DBA}.Release|x86.ActiveCfg = Release|Any CPU
		{1808C887-94F9-40FD-9B19-073CD8E28DBA}.Release|x86.Build.0 = Release|Any CPU
	EndGlobalSection
	GlobalSection(NestedProjects) = preSolution
		{7D0FF2A4-2EEE-4F6B-9CBA-529ED78C8B37} = {C0F0B066-D524-4BCB-A695-9DF280A41772}
		{84DB4EC6-06D4-453B-BE47-C3017BBF68F1} = {C0F0B066-D524-4BCB-A695-9DF280A41772}
		{DD30F002-A805-4A1B-9729-BAFD3CA9FF7F} = {CF88D98F-FF19-4416-9C92-A7FD04EA0AB1}
		{1808C887-94F9-40FD-9B19-073CD8E28DBA} = {4B42A19C-DC43-4779-B9AD-2148612AA530}
	EndGlobalSection
EndGlobal
